
Microsoft Visual Studio Solution File, Format Version 12.00
# Visual Studio Version 17
VisualStudioVersion = 17.14.36811.4 d17.14
MinimumVisualStudioVersion = 10.0.40219.1
Project("{FAE04EC0-301F-11D3-BF4B-00C04F79EFBC}") = "VyrazovyStrom", "VyrazovyStrom.csproj", "{D0EB1D58-CAC6-47DB-95A0-A418C7529F0E}"
EndProject
Global
	GlobalSection(SolutionConfigurationPlatforms) = preSolution
		Debug|Any CPU = Debug|Any CPU
		Release|Any CPU = Release|Any CPU
	EndGlobalSection
	GlobalSection(ProjectConfigurationPlatforms) = postSolution
		{D0EB1D58-CAC6-47DB-95A0-A418C7529F0E}.Debug|Any CPU.ActiveCfg = Debug|Any CPU
		{D0EB1D58-CAC6-47DB-95A0-A418C7529F0E}.Debug|Any CPU.Build.0 = Debug|Any CPU
		{D0EB1D58-CAC6-47DB-95A0-A418C7529F0E}.Release|Any CPU.ActiveCfg = Release|Any CPU
		{D0EB1D58-CAC6-47DB-95A0-A418C7529F0E}.Release|Any CPU.Build.0 = Release|Any CPU
	EndGlobalSection
	GlobalSection(SolutionProperties) = preSolution
		HideSolutionNode = FALSE
	EndGlobalSection
	GlobalSection(ExtensibilityGlobals) = postSolution
		SolutionGuid = {E3477D99-91F1-44B6-981B-FF5A9095F5EC}
	EndGlobalSection
EndGlobal
