
Microsoft Visual Studio Solution File, Format Version 12.00
# Visual Studio Version 17
VisualStudioVersion = 17.14.36811.4 d17.14
MinimumVisualStudioVersion = 10.0.40219.1
Project("{FAE04EC0-301F-11D3-BF4B-00C04F79EFBC}") = "PostfixInfixPrefixAllfix", "PostfixInfixPrefixAllfix.csproj", "{E30B8606-150A-4E9F-9A4B-9151EF6C9DA7}"
EndProject
Global
	GlobalSection(SolutionConfigurationPlatforms) = preSolution
		Debug|Any CPU = Debug|Any CPU
		Release|Any CPU = Release|Any CPU
	EndGlobalSection
	GlobalSection(ProjectConfigurationPlatforms) = postSolution
		{E30B8606-150A-4E9F-9A4B-9151EF6C9DA7}.Debug|Any CPU.ActiveCfg = Debug|Any CPU
		{E30B8606-150A-4E9F-9A4B-9151EF6C9DA7}.Debug|Any CPU.Build.0 = Debug|Any CPU
		{E30B8606-150A-4E9F-9A4B-9151EF6C9DA7}.Release|Any CPU.ActiveCfg = Release|Any CPU
		{E30B8606-150A-4E9F-9A4B-9151EF6C9DA7}.Release|Any CPU.Build.0 = Release|Any CPU
	EndGlobalSection
	GlobalSection(SolutionProperties) = preSolution
		HideSolutionNode = FALSE
	EndGlobalSection
	GlobalSection(ExtensibilityGlobals) = postSolution
		SolutionGuid = {7D52DF55-E562-4F08-844E-1286E059D2A0}
	EndGlobalSection
EndGlobal
